
Microsoft Visual Studio Solution File, Format Version 12.00
Project("{FAE04EC0-301F-11D3-BF4B-00C04F79EFBC}") = "OneOfTest", "OneOfTest\OneOfTest.csproj", "{67190220-27BE-4EA7-A530-CC7DCCACA570}"
EndProject
Project("{FAE04EC0-301F-11D3-BF4B-00C04F79EFBC}") = "OneOfTest.Tests", "OneOfTest.Tests\OneOfTest.Tests.csproj", "{28E8C243-558B-4AD5-ADC3-EC14E653EE1A}"
EndProject
Global
	GlobalSection(SolutionConfigurationPlatforms) = preSolution
		Debug|Any CPU = Debug|Any CPU
		Release|Any CPU = Release|Any CPU
	EndGlobalSection
	GlobalSection(ProjectConfigurationPlatforms) = postSolution
		{67190220-27BE-4EA7-A530-CC7DCCACA570}.Debug|Any CPU.ActiveCfg = Debug|Any CPU
		{67190220-27BE-4EA7-A530-CC7DCCACA570}.Debug|Any CPU.Build.0 = Debug|Any CPU
		{67190220-27BE-4EA7-A530-CC7DCCACA570}.Release|Any CPU.ActiveCfg = Release|Any CPU
		{67190220-27BE-4EA7-A530-CC7DCCACA570}.Release|Any CPU.Build.0 = Release|Any CPU
		{28E8C243-558B-4AD5-ADC3-EC14E653EE1A}.Debug|Any CPU.ActiveCfg = Debug|Any CPU
		{28E8C243-558B-4AD5-ADC3-EC14E653EE1A}.Debug|Any CPU.Build.0 = Debug|Any CPU
		{28E8C243-558B-4AD5-ADC3-EC14E653EE1A}.Release|Any CPU.ActiveCfg = Release|Any CPU
		{28E8C243-558B-4AD5-ADC3-EC14E653EE1A}.Release|Any CPU.Build.0 = Release|Any CPU
	EndGlobalSection
EndGlobal
